
Microsoft Visual Studio Solution File, Format Version 12.00
Project("{FAE04EC0-301F-11D3-BF4B-00C04F79EFBC}") = "ExceptionHandlingDemoCSharp-49", "ExceptionHandlingDemoCSharp-49\ExceptionHandlingDemoCSharp-49.csproj", "{70EFF299-3F56-4706-B936-D73CC4654499}"
EndProject
Global
	GlobalSection(SolutionConfigurationPlatforms) = preSolution
		Debug|Any CPU = Debug|Any CPU
		Release|Any CPU = Release|Any CPU
	EndGlobalSection
	GlobalSection(ProjectConfigurationPlatforms) = postSolution
		{70EFF299-3F56-4706-B936-D73CC4654499}.Debug|Any CPU.ActiveCfg = Debug|Any CPU
		{70EFF299-3F56-4706-B936-D73CC4654499}.Debug|Any CPU.Build.0 = Debug|Any CPU
		{70EFF299-3F56-4706-B936-D73CC4654499}.Release|Any CPU.ActiveCfg = Release|Any CPU
		{70EFF299-3F56-4706-B936-D73CC4654499}.Release|Any CPU.Build.0 = Release|Any CPU
	EndGlobalSection
EndGlobal
